
Microsoft Visual Studio Solution File, Format Version 12.00
# Visual Studio Version 17
VisualStudioVersion = 17.3.32825.248
MinimumVisualStudioVersion = 10.0.40219.1
Project("{9A19103F-16F7-4668-BE54-9A1E7A4F7556}") = "CLI", "CLI.csproj", "{C79B6BF3-3124-4F69-9BB2-8AB145975D42}"
EndProject
Project("{9A19103F-16F7-4668-BE54-9A1E7A4F7556}") = "AutoCompleteUtils6.0", "..\AutoCompleteUtils6.0\AutoCompleteUtils6.0.csproj", "{8C9E2786-BF7A-4B28-A856-8EF3E4E8B040}"
EndProject
Project("{FAE04EC0-301F-11D3-BF4B-00C04F79EFBC}") = "ConsoleUtils6.0", "..\ConsoleUtils6.0\ConsoleUtils6.0.csproj", "{925BCB51-ABB1-4583-AA82-B0103D1E4CB6}"
EndProject
Global
	GlobalSection(SolutionConfigurationPlatforms) = preSolution
		Debug|Any CPU = Debug|Any CPU
		Debug|x86 = Debug|x86
		Release|Any CPU = Release|Any CPU
		Release|x86 = Release|x86
	EndGlobalSection
	GlobalSection(ProjectConfigurationPlatforms) = postSolution
		{C79B6BF3-3124-4F69-9BB2-8AB145975D42}.Debug|Any CPU.ActiveCfg = Debug|Any CPU
		{C79B6BF3-3124-4F69-9BB2-8AB145975D42}.Debug|Any CPU.Build.0 = Debug|Any CPU
		{C79B6BF3-3124-4F69-9BB2-8AB145975D42}.Debug|x86.ActiveCfg = Debug|x86
		{C79B6BF3-3124-4F69-9BB2-8AB145975D42}.Debug|x86.Build.0 = Debug|x86
		{C79B6BF3-3124-4F69-9BB2-8AB145975D42}.Release|Any CPU.ActiveCfg = Release|Any CPU
		{C79B6BF3-3124-4F69-9BB2-8AB145975D42}.Release|Any CPU.Build.0 = Release|Any CPU
		{C79B6BF3-3124-4F69-9BB2-8AB145975D42}.Release|x86.ActiveCfg = Release|x86
		{C79B6BF3-3124-4F69-9BB2-8AB145975D42}.Release|x86.Build.0 = Release|x86
		{8C9E2786-BF7A-4B28-A856-8EF3E4E8B040}.Debug|Any CPU.ActiveCfg = Debug|Any CPU
		{8C9E2786-BF7A-4B28-A856-8EF3E4E8B040}.Debug|Any CPU.Build.0 = Debug|Any CPU
		{8C9E2786-BF7A-4B28-A856-8EF3E4E8B040}.Debug|x86.ActiveCfg = Debug|Any CPU
		{8C9E2786-BF7A-4B28-A856-8EF3E4E8B040}.Debug|x86.Build.0 = Debug|Any CPU
		{8C9E2786-BF7A-4B28-A856-8EF3E4E8B040}.Release|Any CPU.ActiveCfg = Release|Any CPU
		{8C9E2786-BF7A-4B28-A856-8EF3E4E8B040}.Release|Any CPU.Build.0 = Release|Any CPU
		{8C9E2786-BF7A-4B28-A856-8EF3E4E8B040}.Release|x86.ActiveCfg = Release|Any CPU
		{8C9E2786-BF7A-4B28-A856-8EF3E4E8B040}.Release|x86.Build.0 = Release|Any CPU
		{925BCB51-ABB1-4583-AA82-B0103D1E4CB6}.Debug|Any CPU.ActiveCfg = Debug|Any CPU
		{925BCB51-ABB1-4583-AA82-B0103D1E4CB6}.Debug|Any CPU.Build.0 = Debug|Any CPU
		{925BCB51-ABB1-4583-AA82-B0103D1E4CB6}.Debug|x86.ActiveCfg = Debug|Any CPU
		{925BCB51-ABB1-4583-AA82-B0103D1E4CB6}.Debug|x86.Build.0 = Debug|Any CPU
		{925BCB51-ABB1-4583-AA82-B0103D1E4CB6}.Release|Any CPU.ActiveCfg = Release|Any CPU
		{925BCB51-ABB1-4583-AA82-B0103D1E4CB6}.Release|Any CPU.Build.0 = Release|Any CPU
		{925BCB51-ABB1-4583-AA82-B0103D1E4CB6}.Release|x86.ActiveCfg = Release|Any CPU
		{925BCB51-ABB1-4583-AA82-B0103D1E4CB6}.Release|x86.Build.0 = Release|Any CPU
	EndGlobalSection
	GlobalSection(SolutionProperties) = preSolution
		HideSolutionNode = FALSE
	EndGlobalSection
	GlobalSection(ExtensibilityGlobals) = postSolution
		SolutionGuid = {5E548112-2448-4A5D-B173-AAABE09D9386}
	EndGlobalSection
EndGlobal
